// !$*UTF8*$!
{
	archiveVersion = 1;
	classes = {
	};
	objectVersion = 46;
	objects = {

/* Begin PBXBuildFile section */
		3C98122219336453008ED839 /* Foundation.framework in Frameworks */ = {isa = PBXBuildFile; fileRef = 3C98122119336453008ED839 /* Foundation.framework */; };
		3C98122419336453008ED839 /* CoreGraphics.framework in Frameworks */ = {isa = PBXBuildFile; fileRef = 3C98122319336453008ED839 /* CoreGraphics.framework */; };
		3C98122619336453008ED839 /* UIKit.framework in Frameworks */ = {isa = PBXBuildFile; fileRef = 3C98122519336453008ED839 /* UIKit.framework */; };
		3C98122C19336453008ED839 /* InfoPlist.strings in Resources */ = {isa = PBXBuildFile; fileRef = 3C98122A19336453008ED839 /* InfoPlist.strings */; };
		3C98122E19336453008ED839 /* main.m in Sources */ = {isa = PBXBuildFile; fileRef = 3C98122D19336453008ED839 /* main.m */; };
		3C98123219336453008ED839 /* AppDelegate.m in Sources */ = {isa = PBXBuildFile; fileRef = 3C98123119336453008ED839 /* AppDelegate.m */; };
		3C98123419336453008ED839 /* Images.xcassets in Resources */ = {isa = PBXBuildFile; fileRef = 3C98123319336453008ED839 /* Images.xcassets */; };
		3C98123B19336453008ED839 /* XCTest.framework in Frameworks */ = {isa = PBXBuildFile; fileRef = 3C98123A19336453008ED839 /* XCTest.framework */; };
		3C98123C19336453008ED839 /* Foundation.framework in Frameworks */ = {isa = PBXBuildFile; fileRef = 3C98122119336453008ED839 /* Foundation.framework */; };
		3C98123D19336453008ED839 /* UIKit.framework in Frameworks */ = {isa = PBXBuildFile; fileRef = 3C98122519336453008ED839 /* UIKit.framework */; };
		3C98124519336453008ED839 /* InfoPlist.strings in Resources */ = {isa = PBXBuildFile; fileRef = 3C98124319336453008ED839 /* InfoPlist.strings */; };
		3C98124719336453008ED839 /* Tattle_UITests.m in Sources */ = {isa = PBXBuildFile; fileRef = 3C98124619336453008ED839 /* Tattle_UITests.m */; };
/* End PBXBuildFile section */

/* Begin PBXContainerItemProxy section */
		3C98123E19336453008ED839 /* PBXContainerItemProxy */ = {
			isa = PBXContainerItemProxy;
			containerPortal = 3C98121619336453008ED839 /* Project object */;
			proxyType = 1;
			remoteGlobalIDString = 3C98121D19336453008ED839;
			remoteInfo = "Tattle-UI";
		};
/* End PBXContainerItemProxy section */

/* Begin PBXFileReference section */
		3C98121E19336453008ED839 /* Tattle-UI.app */ = {isa = PBXFileReference; explicitFileType = wrapper.application; includeInIndex = 0; path = "Tattle-UI.app"; sourceTree = BUILT_PRODUCTS_DIR; };
		3C98122119336453008ED839 /* Foundation.framework */ = {isa = PBXFileReference; lastKnownFileType = wrapper.framework; name = Foundation.framework; path = System/Library/Frameworks/Foundation.framework; sourceTree = SDKROOT; };
		3C98122319336453008ED839 /* CoreGraphics.framework */ = {isa = PBXFileReference; lastKnownFileType = wrapper.framework; name = CoreGraphics.framework; path = System/Library/Frameworks/CoreGraphics.framework; sourceTree = SDKROOT; };
		3C98122519336453008ED839 /* UIKit.framework */ = {isa = PBXFileReference; lastKnownFileType = wrapper.framework; name = UIKit.framework; path = System/Library/Frameworks/UIKit.framework; sourceTree = SDKROOT; };
		3C98122919336453008ED839 /* Tattle-UI-Info.plist */ = {isa = PBXFileReference; lastKnownFileType = text.plist.xml; path = "Tattle-UI-Info.plist"; sourceTree = "<group>"; };
		3C98122B19336453008ED839 /* en */ = {isa = PBXFileReference; lastKnownFileType = text.plist.strings; name = en; path = en.lproj/InfoPlist.strings; sourceTree = "<group>"; };
		3C98122D19336453008ED839 /* main.m */ = {isa = PBXFileReference; lastKnownFileType = sourcecode.c.objc; path = main.m; sourceTree = "<group>"; };
		3C98122F19336453008ED839 /* Tattle-UI-Prefix.pch */ = {isa = PBXFileReference; lastKnownFileType = sourcecode.c.h; path = "Tattle-UI-Prefix.pch"; sourceTree = "<group>"; };
		3C98123019336453008ED839 /* AppDelegate.h */ = {isa = PBXFileReference; lastKnownFileType = sourcecode.c.h; path = AppDelegate.h; sourceTree = "<group>"; };
		3C98123119336453008ED839 /* AppDelegate.m */ = {isa = PBXFileReference; lastKnownFileType = sourcecode.c.objc; path = AppDelegate.m; sourceTree = "<group>"; };
		3C98123319336453008ED839 /* Images.xcassets */ = {isa = PBXFileReference; lastKnownFileType = folder.assetcatalog; path = Images.xcassets; sourceTree = "<group>"; };
		3C98123919336453008ED839 /* Tattle-UITests.xctest */ = {isa = PBXFileReference; explicitFileType = wrapper.cfbundle; includeInIndex = 0; path = "Tattle-UITests.xctest"; sourceTree = BUILT_PRODUCTS_DIR; };
		3C98123A19336453008ED839 /* XCTest.framework */ = {isa = PBXFileReference; lastKnownFileType = wrapper.framework; name = XCTest.framework; path = Library/Frameworks/XCTest.framework; sourceTree = DEVELOPER_DIR; };
		3C98124219336453008ED839 /* Tattle-UITests-Info.plist */ = {isa = PBXFileReference; lastKnownFileType = text.plist.xml; path = "Tattle-UITests-Info.plist"; sourceTree = "<group>"; };
		3C98124419336453008ED839 /* en */ = {isa = PBXFileReference; lastKnownFileType = text.plist.strings; name = en; path = en.lproj/InfoPlist.strings; sourceTree = "<group>"; };
		3C98124619336453008ED839 /* Tattle_UITests.m */ = {isa = PBXFileReference; lastKnownFileType = sourcecode.c.objc; path = Tattle_UITests.m; sourceTree = "<group>"; };
/* End PBXFileReference section */

/* Begin PBXFrameworksBuildPhase section */
		3C98121B19336453008ED839 /* Frameworks */ = {
			isa = PBXFrameworksBuildPhase;
			buildActionMask = 2147483647;
			files = (
				3C98122419336453008ED839 /* CoreGraphics.framework in Frameworks */,
				3C98122619336453008ED839 /* UIKit.framework in Frameworks */,
				3C98122219336453008ED839 /* Foundation.framework in Frameworks */,
			);
			runOnlyForDeploymentPostprocessing = 0;
		};
		3C98123619336453008ED839 /* Frameworks */ = {
			isa = PBXFrameworksBuildPhase;
			buildActionMask = 2147483647;
			files = (
				3C98123B19336453008ED839 /* XCTest.framework in Frameworks */,
				3C98123D19336453008ED839 /* UIKit.framework in Frameworks */,
				3C98123C19336453008ED839 /* Foundation.framework in Frameworks */,
			);
			runOnlyForDeploymentPostprocessing = 0;
		};
/* End PBXFrameworksBuildPhase section */

/* Begin PBXGroup section */
		3C98121519336452008ED839 = {
			isa = PBXGroup;
			children = (
				3C98122719336453008ED839 /* Tattle-UI */,
				3C98124019336453008ED839 /* Tattle-UITests */,
				3C98122019336453008ED839 /* Frameworks */,
				3C98121F19336453008ED839 /* Products */,
			);
			sourceTree = "<group>";
		};
		3C98121F19336453008ED839 /* Products */ = {
			isa = PBXGroup;
			children = (
				3C98121E19336453008ED839 /* Tattle-UI.app */,
				3C98123919336453008ED839 /* Tattle-UITests.xctest */,
			);
			name = Products;
			sourceTree = "<group>";
		};
		3C98122019336453008ED839 /* Frameworks */ = {
			isa = PBXGroup;
			children = (
				3C98122119336453008ED839 /* Foundation.framework */,
				3C98122319336453008ED839 /* CoreGraphics.framework */,
				3C98122519336453008ED839 /* UIKit.framework */,
				3C98123A19336453008ED839 /* XCTest.framework */,
			);
			name = Frameworks;
			sourceTree = "<group>";
		};
		3C98122719336453008ED839 /* Tattle-UI */ = {
			isa = PBXGroup;
			children = (
				3C98123019336453008ED839 /* AppDelegate.h */,
				3C98123119336453008ED839 /* AppDelegate.m */,
				3C98123319336453008ED839 /* Images.xcassets */,
				3C98122819336453008ED839 /* Supporting Files */,
			);
			path = "Tattle-UI";
			sourceTree = "<group>";
		};
		3C98122819336453008ED839 /* Supporting Files */ = {
			isa = PBXGroup;
			children = (
				3C98122919336453008ED839 /* Tattle-UI-Info.plist */,
				3C98122A19336453008ED839 /* InfoPlist.strings */,
				3C98122D19336453008ED839 /* main.m */,
				3C98122F19336453008ED839 /* Tattle-UI-Prefix.pch */,
			);
			name = "Supporting Files";
			sourceTree = "<group>";
		};
		3C98124019336453008ED839 /* Tattle-UITests */ = {
			isa = PBXGroup;
			children = (
				3C98124619336453008ED839 /* Tattle_UITests.m */,
				3C98124119336453008ED839 /* Supporting Files */,
			);
			path = "Tattle-UITests";
			sourceTree = "<group>";
		};
		3C98124119336453008ED839 /* Supporting Files */ = {
			isa = PBXGroup;
			children = (
				3C98124219336453008ED839 /* Tattle-UITests-Info.plist */,
				3C98124319336453008ED839 /* InfoPlist.strings */,
			);
			name = "Supporting Files";
			sourceTree = "<group>";
		};
/* End PBXGroup section */

/* Begin PBXNativeTarget section */
		3C98121D19336453008ED839 /* Tattle-UI */ = {
			isa = PBXNativeTarget;
			buildConfigurationList = 3C98124A19336453008ED839 /* Build configuration list for PBXNativeTarget "Tattle-UI" */;
			buildPhases = (
				3C98121A19336453008ED839 /* Sources */,
				3C98121B19336453008ED839 /* Frameworks */,
				3C98121C19336453008ED839 /* Resources */,
			);
			buildRules = (
			);
			dependencies = (
			);
			name = "Tattle-UI";
			productName = "Tattle-UI";
			productReference = 3C98121E19336453008ED839 /* Tattle-UI.app */;
			productType = "com.apple.product-type.application";
		};
		3C98123819336453008ED839 /* Tattle-UITests */ = {
			isa = PBXNativeTarget;
			buildConfigurationList = 3C98124D19336453008ED839 /* Build configuration list for PBXNativeTarget "Tattle-UITests" */;
			buildPhases = (
				3C98123519336453008ED839 /* Sources */,
				3C98123619336453008ED839 /* Frameworks */,
				3C98123719336453008ED839 /* Resources */,
			);
			buildRules = (
			);
			dependencies = (
				3C98123F19336453008ED839 /* PBXTargetDependency */,
			);
			name = "Tattle-UITests";
			productName = "Tattle-UITests";
			productReference = 3C98123919336453008ED839 /* Tattle-UITests.xctest */;
			productType = "com.apple.product-type.bundle.unit-test";
		};
/* End PBXNativeTarget section */

/* Begin PBXProject section */
		3C98121619336453008ED839 /* Project object */ = {
			isa = PBXProject;
			attributes = {
				LastUpgradeCheck = 0500;
				ORGANIZATIONNAME = Tattle;
				TargetAttributes = {
					3C98123819336453008ED839 = {
						TestTargetID = 3C98121D19336453008ED839;
					};
				};
			};
			buildConfigurationList = 3C98121919336453008ED839 /* Build configuration list for PBXProject "Tattle-UI" */;
			compatibilityVersion = "Xcode 3.2";
			developmentRegion = English;
			hasScannedForEncodings = 0;
			knownRegions = (
				en,
			);
			mainGroup = 3C98121519336452008ED839;
			productRefGroup = 3C98121F19336453008ED839 /* Products */;
			projectDirPath = "";
			projectRoot = "";
			targets = (
				3C98121D19336453008ED839 /* Tattle-UI */,
				3C98123819336453008ED839 /* Tattle-UITests */,
			);
		};
/* End PBXProject section */

/* Begin PBXResourcesBuildPhase section */
		3C98121C19336453008ED839 /* Resources */ = {
			isa = PBXResourcesBuildPhase;
			buildActionMask = 2147483647;
			files = (
				3C98122C19336453008ED839 /* InfoPlist.strings in Resources */,
				3C98123419336453008ED839 /* Images.xcassets in Resources */,
			);
			runOnlyForDeploymentPostprocessing = 0;
		};
		3C98123719336453008ED839 /* Resources */ = {
			isa = PBXResourcesBuildPhase;
			buildActionMask = 2147483647;
			files = (
				3C98124519336453008ED839 /* InfoPlist.strings in Resources */,
			);
			runOnlyForDeploymentPostprocessing = 0;
		};
/* End PBXResourcesBuildPhase section */

/* Begin PBXSourcesBuildPhase section */
		3C98121A19336453008ED839 /* Sources */ = {
			isa = PBXSourcesBuildPhase;
			buildActionMask = 2147483647;
			files = (
				3C98123219336453008ED839 /* AppDelegate.m in Sources */,
				3C98122E19336453008ED839 /* main.m in Sources */,
			);
			runOnlyForDeploymentPostprocessing = 0;
		};
		3C98123519336453008ED839 /* Sources */ = {
			isa = PBXSourcesBuildPhase;
			buildActionMask = 2147483647;
			files = (
				3C98124719336453008ED839 /* Tattle_UITests.m in Sources */,
			);
			runOnlyForDeploymentPostprocessing = 0;
		};
/* End PBXSourcesBuildPhase section */

/* Begin PBXTargetDependency section */
		3C98123F19336453008ED839 /* PBXTargetDependency */ = {
			isa = PBXTargetDependency;
			target = 3C98121D19336453008ED839 /* Tattle-UI */;
			targetProxy = 3C98123E19336453008ED839 /* PBXContainerItemProxy */;
		};
/* End PBXTargetDependency section */

/* Begin PBXVariantGroup section */
		3C98122A19336453008ED839 /* InfoPlist.strings */ = {
			isa = PBXVariantGroup;
			children = (
				3C98122B19336453008ED839 /* en */,
			);
			name = InfoPlist.strings;
			sourceTree = "<group>";
		};
		3C98124319336453008ED839 /* InfoPlist.strings */ = {
			isa = PBXVariantGroup;
			children = (
				3C98124419336453008ED839 /* en */,
			);
			name = InfoPlist.strings;
			sourceTree = "<group>";
		};
/* End PBXVariantGroup section */

/* Begin XCBuildConfiguration section */
		3C98124819336453008ED839 /* Debug */ = {
			isa = XCBuildConfiguration;
			buildSettings = {
				ALWAYS_SEARCH_USER_PATHS = NO;
				ARCHS = "$(ARCHS_STANDARD_INCLUDING_64_BIT)";
				CLANG_CXX_LANGUAGE_STANDARD = "gnu++0x";
				CLANG_CXX_LIBRARY = "libc++";
				CLANG_ENABLE_MODULES = YES;
				CLANG_ENABLE_OBJC_ARC = YES;
				CLANG_WARN_BOOL_CONVERSION = YES;
				CLANG_WARN_CONSTANT_CONVERSION = YES;
				CLANG_WARN_DIRECT_OBJC_ISA_USAGE = YES_ERROR;
				CLANG_WARN_EMPTY_BODY = YES;
				CLANG_WARN_ENUM_CONVERSION = YES;
				CLANG_WARN_INT_CONVERSION = YES;
				CLANG_WARN_OBJC_ROOT_CLASS = YES_ERROR;
				CLANG_WARN__DUPLICATE_METHOD_MATCH = YES;
				"CODE_SIGN_IDENTITY[sdk=iphoneos*]" = "iPhone Developer";
				COPY_PHASE_STRIP = NO;
				GCC_C_LANGUAGE_STANDARD = gnu99;
				GCC_DYNAMIC_NO_PIC = NO;
				GCC_OPTIMIZATION_LEVEL = 0;
				GCC_PREPROCESSOR_DEFINITIONS = (
					"DEBUG=1",
					"$(inherited)",
				);
				GCC_SYMBOLS_PRIVATE_EXTERN = NO;
				GCC_WARN_64_TO_32_BIT_CONVERSION = YES;
				GCC_WARN_ABOUT_RETURN_TYPE = YES_ERROR;
				GCC_WARN_UNDECLARED_SELECTOR = YES;
				GCC_WARN_UNINITIALIZED_AUTOS = YES;
				GCC_WARN_UNUSED_FUNCTION = YES;
				GCC_WARN_UNUSED_VARIABLE = YES;
				IPHONEOS_DEPLOYMENT_TARGET = 7.0;
				ONLY_ACTIVE_ARCH = YES;
				SDKROOT = iphoneos;
				TARGETED_DEVICE_FAMILY = "1,2";
			};
			name = Debug;
		};
		3C98124919336453008ED839 /* Release */ = {
			isa = XCBuildConfiguration;
			buildSettings = {
				ALWAYS_SEARCH_USER_PATHS = NO;
				ARCHS = "$(ARCHS_STANDARD_INCLUDING_64_BIT)";
				CLANG_CXX_LANGUAGE_STANDARD = "gnu++0x";
				CLANG_CXX_LIBRARY = "libc++";
				CLANG_ENABLE_MODULES = YES;
				CLANG_ENABLE_OBJC_ARC = YES;
				CLANG_WARN_BOOL_CONVERSION = YES;
				CLANG_WARN_CONSTANT_CONVERSION = YES;
				CLANG_WARN_DIRECT_OBJC_ISA_USAGE = YES_ERROR;
				CLANG_WARN_EMPTY_BODY = YES;
				CLANG_WARN_ENUM_CONVERSION = YES;
				CLANG_WARN_INT_CONVERSION = YES;
				CLANG_WARN_OBJC_ROOT_CLASS = YES_ERROR;
				CLANG_WARN__DUPLICATE_METHOD_MATCH = YES;
				"CODE_SIGN_IDENTITY[sdk=iphoneos*]" = "iPhone Developer";
				COPY_PHASE_STRIP = YES;
				ENABLE_NS_ASSERTIONS = NO;
				GCC_C_LANGUAGE_STANDARD = gnu99;
				GCC_WARN_64_TO_32_BIT_CONVERSION = YES;
				GCC_WARN_ABOUT_RETURN_TYPE = YES_ERROR;
				GCC_WARN_UNDECLARED_SELECTOR = YES;
				GCC_WARN_UNINITIALIZED_AUTOS = YES;
				GCC_WARN_UNUSED_FUNCTION = YES;
				GCC_WARN_UNUSED_VARIABLE = YES;
				IPHONEOS_DEPLOYMENT_TARGET = 7.0;
				SDKROOT = iphoneos;
				TARGETED_DEVICE_FAMILY = "1,2";
				VALIDATE_PRODUCT = YES;
			};
			name = Release;
		};
		3C98124B19336453008ED839 /* Debug */ = {
			isa = XCBuildConfiguration;
			buildSettings = {
				ASSETCATALOG_COMPILER_APPICON_NAME = AppIcon;
				ASSETCATALOG_COMPILER_LAUNCHIMAGE_NAME = LaunchImage;
				GCC_PRECOMPILE_PREFIX_HEADER = YES;
				GCC_PREFIX_HEADER = "Tattle-UI/Tattle-UI-Prefix.pch";
				INFOPLIST_FILE = "Tattle-UI/Tattle-UI-Info.plist";
				PRODUCT_NAME = "$(TARGET_NAME)";
				WRAPPER_EXTENSION = app;
			};
			name = Debug;
		};
		3C98124C19336453008ED839 /* Release */ = {
			isa = XCBuildConfiguration;
			buildSettings = {
				ASSETCATALOG_COMPILER_APPICON_NAME = AppIcon;
				ASSETCATALOG_COMPILER_LAUNCHIMAGE_NAME = LaunchImage;
				GCC_PRECOMPILE_PREFIX_HEADER = YES;
				GCC_PREFIX_HEADER = "Tattle-UI/Tattle-UI-Prefix.pch";
				INFOPLIST_FILE = "Tattle-UI/Tattle-UI-Info.plist";
				PRODUCT_NAME = "$(TARGET_NAME)";
				WRAPPER_EXTENSION = app;
			};
			name = Release;
		};
		3C98124E19336453008ED839 /* Debug */ = {
			isa = XCBuildConfiguration;
			buildSettings = {
				ARCHS = "$(ARCHS_STANDARD_INCLUDING_64_BIT)";
				BUNDLE_LOADER = "$(BUILT_PRODUCTS_DIR)/Tattle-UI.app/Tattle-UI";
				FRAMEWORK_SEARCH_PATHS = (
					"$(SDKROOT)/Developer/Library/Frameworks",
					"$(inherited)",
					"$(DEVELOPER_FRAMEWORKS_DIR)",
				);
				GCC_PRECOMPILE_PREFIX_HEADER = YES;
				GCC_PREFIX_HEADER = "Tattle-UI/Tattle-UI-Prefix.pch";
				GCC_PREPROCESSOR_DEFINITIONS = (
					"DEBUG=1",
					"$(inherited)",
				);
				INFOPLIST_FILE = "Tattle-UITests/Tattle-UITests-Info.plist";
				PRODUCT_NAME = "$(TARGET_NAME)";
				TEST_HOST = "$(BUNDLE_LOADER)";
				WRAPPER_EXTENSION = xctest;
			};
			name = Debug;
		};
		3C98124F19336453008ED839 /* Release */ = {
			isa = XCBuildConfiguration;
			buildSettings = {
				ARCHS = "$(ARCHS_STANDARD_INCLUDING_64_BIT)";
				BUNDLE_LOADER = "$(BUILT_PRODUCTS_DIR)/Tattle-UI.app/Tattle-UI";
				FRAMEWORK_SEARCH_PATHS = (
					"$(SDKROOT)/Developer/Library/Frameworks",
					"$(inherited)",
					"$(DEVELOPER_FRAMEWORKS_DIR)",
				);
				GCC_PRECOMPILE_PREFIX_HEADER = YES;
				GCC_PREFIX_HEADER = "Tattle-UI/Tattle-UI-Prefix.pch";
				INFOPLIST_FILE = "Tattle-UITests/Tattle-UITests-Info.plist";
				PRODUCT_NAME = "$(TARGET_NAME)";
				TEST_HOST = "$(BUNDLE_LOADER)";
				WRAPPER_EXTENSION = xctest;
			};
			name = Release;
		};
/* End XCBuildConfiguration section */

/* Begin XCConfigurationList section */
		3C98121919336453008ED839 /* Build configuration list for PBXProject "Tattle-UI" */ = {
			isa = XCConfigurationList;
			buildConfigurations = (
				3C98124819336453008ED839 /* Debug */,
				3C98124919336453008ED839 /* Release */,
			);
			defaultConfigurationIsVisible = 0;
			defaultConfigurationName = Release;
		};
		3C98124A19336453008ED839 /* Build configuration list for PBXNativeTarget "Tattle-UI" */ = {
			isa = XCConfigurationList;
			buildConfigurations = (
				3C98124B19336453008ED839 /* Debug */,
				3C98124C19336453008ED839 /* Release */,
			);
			defaultConfigurationIsVisible = 0;
		};
		3C98124D19336453008ED839 /* Build configuration list for PBXNativeTarget "Tattle-UITests" */ = {
			isa = XCConfigurationList;
			buildConfigurations = (
				3C98124E19336453008ED839 /* Debug */,
				3C98124F19336453008ED839 /* Release */,
			);
			defaultConfigurationIsVisible = 0;
		};
/* End XCConfigurationList section */
	};
	rootObject = 3C98121619336453008ED839 /* Project object */;
}
